
Microsoft Visual Studio Solution File, Format Version 12.00
# Visual Studio 14
VisualStudioVersion = 14.0.25123.0
MinimumVisualStudioVersion = 10.0.40219.1
Project("{2150E333-8FDC-42A3-9474-1A3956D46DE8}") = "Terminal", "Terminal", "{AB263CF5-89DC-41FF-8417-1E40CA4FFAD6}"
EndProject
Project("{2150E333-8FDC-42A3-9474-1A3956D46DE8}") = "Native", "Native", "{CDBBF459-4941-4FB6-9353-2DF2C0BB1F10}"
EndProject
Project("{2150E333-8FDC-42A3-9474-1A3956D46DE8}") = "Managed", "Managed", "{2AB38700-8BB1-4424-A018-77CA1628FE1F}"
EndProject
Project("{8BC9CEB8-8B4A-11D0-8D11-00A0C91BC942}") = "CommandProcessorHook", "CommandProcessorHook\CommandProcessorHook.vcxproj", "{244235CA-B52D-42D7-9811-A5AF95D76292}"
EndProject
Global
	GlobalSection(SolutionConfigurationPlatforms) = preSolution
		Debug|x64 = Debug|x64
		Debug|x86 = Debug|x86
		Release|x64 = Release|x64
		Release|x86 = Release|x86
	EndGlobalSection
	GlobalSection(ProjectConfigurationPlatforms) = postSolution
		{244235CA-B52D-42D7-9811-A5AF95D76292}.Debug|x64.ActiveCfg = Debug|x64
		{244235CA-B52D-42D7-9811-A5AF95D76292}.Debug|x64.Build.0 = Debug|x64
		{244235CA-B52D-42D7-9811-A5AF95D76292}.Debug|x86.ActiveCfg = Debug|Win32
		{244235CA-B52D-42D7-9811-A5AF95D76292}.Debug|x86.Build.0 = Debug|Win32
		{244235CA-B52D-42D7-9811-A5AF95D76292}.Release|x64.ActiveCfg = Release|x64
		{244235CA-B52D-42D7-9811-A5AF95D76292}.Release|x64.Build.0 = Release|x64
		{244235CA-B52D-42D7-9811-A5AF95D76292}.Release|x86.ActiveCfg = Release|Win32
		{244235CA-B52D-42D7-9811-A5AF95D76292}.Release|x86.Build.0 = Release|Win32
	EndGlobalSection
	GlobalSection(SolutionProperties) = preSolution
		HideSolutionNode = FALSE
	EndGlobalSection
	GlobalSection(NestedProjects) = preSolution
		{CDBBF459-4941-4FB6-9353-2DF2C0BB1F10} = {AB263CF5-89DC-41FF-8417-1E40CA4FFAD6}
		{2AB38700-8BB1-4424-A018-77CA1628FE1F} = {AB263CF5-89DC-41FF-8417-1E40CA4FFAD6}
		{244235CA-B52D-42D7-9811-A5AF95D76292} = {CDBBF459-4941-4FB6-9353-2DF2C0BB1F10}
	EndGlobalSection
EndGlobal
